// !$*UTF8*$!
{
	archiveVersion = 1;
	classes = {
	};
	objectVersion = 55;
	objects = {

/* Begin PBXBuildFile section */
		514135D0F5DC3CC9BA3FE8BA /* Pods_UnsplashViewer.framework in Frameworks */ = {isa = PBXBuildFile; fileRef = F300DB316C43F811269A9779 /* Pods_UnsplashViewer.framework */; };
		7414C461272EFCD500FFC899 /* AppDelegate.swift in Sources */ = {isa = PBXBuildFile; fileRef = 7414C460272EFCD500FFC899 /* AppDelegate.swift */; };
		7414C463272EFCD500FFC899 /* SceneDelegate.swift in Sources */ = {isa = PBXBuildFile; fileRef = 7414C462272EFCD500FFC899 /* SceneDelegate.swift */; };
		7414C46A272EFCDD00FFC899 /* Assets.xcassets in Resources */ = {isa = PBXBuildFile; fileRef = 7414C469272EFCDD00FFC899 /* Assets.xcassets */; };
		7414C46D272EFCDD00FFC899 /* LaunchScreen.storyboard in Resources */ = {isa = PBXBuildFile; fileRef = 7414C46B272EFCDD00FFC899 /* LaunchScreen.storyboard */; };
		7414C47A272EFDA800FFC899 /* Coordinator.swift in Sources */ = {isa = PBXBuildFile; fileRef = 7414C479272EFDA800FFC899 /* Coordinator.swift */; };
		7414C47D272EFE0200FFC899 /* AppCoordinator.swift in Sources */ = {isa = PBXBuildFile; fileRef = 7414C47C272EFE0200FFC899 /* AppCoordinator.swift */; };
		7414C47F272EFECC00FFC899 /* BaseCoordinator.swift in Sources */ = {isa = PBXBuildFile; fileRef = 7414C47E272EFECC00FFC899 /* BaseCoordinator.swift */; };
		7414C482272F003000FFC899 /* PhotosViewController.swift in Sources */ = {isa = PBXBuildFile; fileRef = 7414C481272F003000FFC899 /* PhotosViewController.swift */; };
		7414C484272F004800FFC899 /* FavoritesViewController.swift in Sources */ = {isa = PBXBuildFile; fileRef = 7414C483272F004800FFC899 /* FavoritesViewController.swift */; };
		7414C486272F005D00FFC899 /* DetailsViewController.swift in Sources */ = {isa = PBXBuildFile; fileRef = 7414C485272F005D00FFC899 /* DetailsViewController.swift */; };
		7414C488272F00E200FFC899 /* CoordinatedViewController.swift in Sources */ = {isa = PBXBuildFile; fileRef = 7414C487272F00E200FFC899 /* CoordinatedViewController.swift */; };
		7420808927344958005B9C43 /* UnsplashApiAdapter.swift in Sources */ = {isa = PBXBuildFile; fileRef = 7420808827344958005B9C43 /* UnsplashApiAdapter.swift */; };
		742080902734705C005B9C43 /* PhotosViewModel.swift in Sources */ = {isa = PBXBuildFile; fileRef = 7420808F2734705C005B9C43 /* PhotosViewModel.swift */; };
		7420809227355F5C005B9C43 /* UnsplashApiError.swift in Sources */ = {isa = PBXBuildFile; fileRef = 7420809127355F5C005B9C43 /* UnsplashApiError.swift */; };
		742080942735601E005B9C43 /* UnsplashApiResponse.swift in Sources */ = {isa = PBXBuildFile; fileRef = 742080932735601E005B9C43 /* UnsplashApiResponse.swift */; };
		74208096273571B9005B9C43 /* PhotosCollectionViewCell.swift in Sources */ = {isa = PBXBuildFile; fileRef = 74208095273571B9005B9C43 /* PhotosCollectionViewCell.swift */; };
		7420809927358887005B9C43 /* Credentials.swift in Sources */ = {isa = PBXBuildFile; fileRef = 7420809827358887005B9C43 /* Credentials.swift */; };
		7420809E27358D63005B9C43 /* DetailsCodableViewModel.swift in Sources */ = {isa = PBXBuildFile; fileRef = 7420809D27358D63005B9C43 /* DetailsCodableViewModel.swift */; };
		742080A82735A3DB005B9C43 /* DetailsInfoData.swift in Sources */ = {isa = PBXBuildFile; fileRef = 742080A72735A3DB005B9C43 /* DetailsInfoData.swift */; };
		742080AA2736B8EE005B9C43 /* UnsplashSearchResult.swift in Sources */ = {isa = PBXBuildFile; fileRef = 742080A92736B8EE005B9C43 /* UnsplashSearchResult.swift */; };
		742080AC2736C531005B9C43 /* PhotoFeed.swift in Sources */ = {isa = PBXBuildFile; fileRef = 742080AB2736C530005B9C43 /* PhotoFeed.swift */; };
		742080B72736D82E005B9C43 /* LocalStorage.xcdatamodeld in Sources */ = {isa = PBXBuildFile; fileRef = 742080B52736D82E005B9C43 /* LocalStorage.xcdatamodeld */; };
		742080C62736E4C7005B9C43 /* FavoritePhoto+CoreDataClass.swift in Sources */ = {isa = PBXBuildFile; fileRef = 742080C42736E4C7005B9C43 /* FavoritePhoto+CoreDataClass.swift */; };
		742080C72736E4C7005B9C43 /* FavoritePhoto+CoreDataProperties.swift in Sources */ = {isa = PBXBuildFile; fileRef = 742080C52736E4C7005B9C43 /* FavoritePhoto+CoreDataProperties.swift */; };
		742080CB2736E627005B9C43 /* CoreDataManager.swift in Sources */ = {isa = PBXBuildFile; fileRef = 742080CA2736E627005B9C43 /* CoreDataManager.swift */; };
		742080CD2736E69C005B9C43 /* FavoritesManager.swift in Sources */ = {isa = PBXBuildFile; fileRef = 742080CC2736E69C005B9C43 /* FavoritesManager.swift */; };
		742080CF2736E86B005B9C43 /* FavoritesViewModel.swift in Sources */ = {isa = PBXBuildFile; fileRef = 742080CE2736E86B005B9C43 /* FavoritesViewModel.swift */; };
		742080D22736E9D5005B9C43 /* ImageDiskStorage.swift in Sources */ = {isa = PBXBuildFile; fileRef = 742080D12736E9D5005B9C43 /* ImageDiskStorage.swift */; };
		742080D42736ED7A005B9C43 /* CachedPhoto.swift in Sources */ = {isa = PBXBuildFile; fileRef = 742080D32736ED7A005B9C43 /* CachedPhoto.swift */; };
		742080D62736F38C005B9C43 /* PhotosCoordinator.swift in Sources */ = {isa = PBXBuildFile; fileRef = 742080D52736F38C005B9C43 /* PhotosCoordinator.swift */; };
		742080D82736F446005B9C43 /* FavoritesCoordinator.swift in Sources */ = {isa = PBXBuildFile; fileRef = 742080D72736F446005B9C43 /* FavoritesCoordinator.swift */; };
		746602482737D4B800B11BF4 /* FavoritesTableViewCell.swift in Sources */ = {isa = PBXBuildFile; fileRef = 746602472737D4B800B11BF4 /* FavoritesTableViewCell.swift */; };
		7466024A2737E85500B11BF4 /* CoreDataError.swift in Sources */ = {isa = PBXBuildFile; fileRef = 746602492737E85500B11BF4 /* CoreDataError.swift */; };
		7466024C2737EF2A00B11BF4 /* FavoritesManagerError.swift in Sources */ = {isa = PBXBuildFile; fileRef = 7466024B2737EF2A00B11BF4 /* FavoritesManagerError.swift */; };
		7466024E27380A4700B11BF4 /* DetailsCoreDataViewModel.swift in Sources */ = {isa = PBXBuildFile; fileRef = 7466024D27380A4700B11BF4 /* DetailsCoreDataViewModel.swift */; };
		74BEF594273064250068109E /* UIView.swift in Sources */ = {isa = PBXBuildFile; fileRef = 74BEF593273064250068109E /* UIView.swift */; };
		74BEF596273066F30068109E /* AppConfig.swift in Sources */ = {isa = PBXBuildFile; fileRef = 74BEF595273066F30068109E /* AppConfig.swift */; };
		74BEF59827307C8D0068109E /* UIColor.swift in Sources */ = {isa = PBXBuildFile; fileRef = 74BEF59727307C8D0068109E /* UIColor.swift */; };
		74BEF59A273085240068109E /* DetailsInfoView.swift in Sources */ = {isa = PBXBuildFile; fileRef = 74BEF599273085240068109E /* DetailsInfoView.swift */; };
		74CE288227342F2700271EF3 /* UnsplashPhoto.swift in Sources */ = {isa = PBXBuildFile; fileRef = 74CE288127342F2700271EF3 /* UnsplashPhoto.swift */; };
		74CE28842734349F00271EF3 /* String.swift in Sources */ = {isa = PBXBuildFile; fileRef = 74CE28832734349F00271EF3 /* String.swift */; };
/* End PBXBuildFile section */

/* Begin PBXFileReference section */
		7414C45D272EFCD500FFC899 /* UnsplashViewer.app */ = {isa = PBXFileReference; explicitFileType = wrapper.application; includeInIndex = 0; path = UnsplashViewer.app; sourceTree = BUILT_PRODUCTS_DIR; };
		7414C460272EFCD500FFC899 /* AppDelegate.swift */ = {isa = PBXFileReference; lastKnownFileType = sourcecode.swift; path = AppDelegate.swift; sourceTree = "<group>"; };
		7414C462272EFCD500FFC899 /* SceneDelegate.swift */ = {isa = PBXFileReference; lastKnownFileType = sourcecode.swift; path = SceneDelegate.swift; sourceTree = "<group>"; };
		7414C469272EFCDD00FFC899 /* Assets.xcassets */ = {isa = PBXFileReference; lastKnownFileType = folder.assetcatalog; path = Assets.xcassets; sourceTree = "<group>"; };
		7414C46C272EFCDD00FFC899 /* Base */ = {isa = PBXFileReference; lastKnownFileType = file.storyboard; name = Base; path = Base.lproj/LaunchScreen.storyboard; sourceTree = "<group>"; };
		7414C46E272EFCDD00FFC899 /* Info.plist */ = {isa = PBXFileReference; lastKnownFileType = text.plist.xml; path = Info.plist; sourceTree = "<group>"; };
		7414C479272EFDA800FFC899 /* Coordinator.swift */ = {isa = PBXFileReference; fileEncoding = 4; lastKnownFileType = sourcecode.swift; path = Coordinator.swift; sourceTree = "<group>"; };
		7414C47C272EFE0200FFC899 /* AppCoordinator.swift */ = {isa = PBXFileReference; lastKnownFileType = sourcecode.swift; path = AppCoordinator.swift; sourceTree = "<group>"; };
		7414C47E272EFECC00FFC899 /* BaseCoordinator.swift */ = {isa = PBXFileReference; lastKnownFileType = sourcecode.swift; path = BaseCoordinator.swift; sourceTree = "<group>"; };
		7414C481272F003000FFC899 /* PhotosViewController.swift */ = {isa = PBXFileReference; lastKnownFileType = sourcecode.swift; path = PhotosViewController.swift; sourceTree = "<group>"; };
		7414C483272F004800FFC899 /* FavoritesViewController.swift */ = {isa = PBXFileReference; lastKnownFileType = sourcecode.swift; path = FavoritesViewController.swift; sourceTree = "<group>"; };
		7414C485272F005D00FFC899 /* DetailsViewController.swift */ = {isa = PBXFileReference; lastKnownFileType = sourcecode.swift; path = DetailsViewController.swift; sourceTree = "<group>"; };
		7414C487272F00E200FFC899 /* CoordinatedViewController.swift */ = {isa = PBXFileReference; lastKnownFileType = sourcecode.swift; path = CoordinatedViewController.swift; sourceTree = "<group>"; };
		7420808827344958005B9C43 /* UnsplashApiAdapter.swift */ = {isa = PBXFileReference; lastKnownFileType = sourcecode.swift; path = UnsplashApiAdapter.swift; sourceTree = "<group>"; };
		7420808F2734705C005B9C43 /* PhotosViewModel.swift */ = {isa = PBXFileReference; lastKnownFileType = sourcecode.swift; path = PhotosViewModel.swift; sourceTree = "<group>"; };
		7420809127355F5C005B9C43 /* UnsplashApiError.swift */ = {isa = PBXFileReference; lastKnownFileType = sourcecode.swift; path = UnsplashApiError.swift; sourceTree = "<group>"; };
		742080932735601E005B9C43 /* UnsplashApiResponse.swift */ = {isa = PBXFileReference; lastKnownFileType = sourcecode.swift; path = UnsplashApiResponse.swift; sourceTree = "<group>"; };
		74208095273571B9005B9C43 /* PhotosCollectionViewCell.swift */ = {isa = PBXFileReference; lastKnownFileType = sourcecode.swift; path = PhotosCollectionViewCell.swift; sourceTree = "<group>"; };
		7420809827358887005B9C43 /* Credentials.swift */ = {isa = PBXFileReference; lastKnownFileType = sourcecode.swift; path = Credentials.swift; sourceTree = "<group>"; };
		7420809D27358D63005B9C43 /* DetailsCodableViewModel.swift */ = {isa = PBXFileReference; lastKnownFileType = sourcecode.swift; path = DetailsCodableViewModel.swift; sourceTree = "<group>"; };
		742080A72735A3DB005B9C43 /* DetailsInfoData.swift */ = {isa = PBXFileReference; lastKnownFileType = sourcecode.swift; path = DetailsInfoData.swift; sourceTree = "<group>"; };
		742080A92736B8EE005B9C43 /* UnsplashSearchResult.swift */ = {isa = PBXFileReference; lastKnownFileType = sourcecode.swift; path = UnsplashSearchResult.swift; sourceTree = "<group>"; };
		742080AB2736C530005B9C43 /* PhotoFeed.swift */ = {isa = PBXFileReference; lastKnownFileType = sourcecode.swift; path = PhotoFeed.swift; sourceTree = "<group>"; };
		742080B62736D82E005B9C43 /* LocalStorage.xcdatamodel */ = {isa = PBXFileReference; lastKnownFileType = wrapper.xcdatamodel; path = LocalStorage.xcdatamodel; sourceTree = "<group>"; };
		742080C42736E4C7005B9C43 /* FavoritePhoto+CoreDataClass.swift */ = {isa = PBXFileReference; lastKnownFileType = sourcecode.swift; path = "FavoritePhoto+CoreDataClass.swift"; sourceTree = "<group>"; };
		742080C52736E4C7005B9C43 /* FavoritePhoto+CoreDataProperties.swift */ = {isa = PBXFileReference; lastKnownFileType = sourcecode.swift; path = "FavoritePhoto+CoreDataProperties.swift"; sourceTree = "<group>"; };
		742080CA2736E627005B9C43 /* CoreDataManager.swift */ = {isa = PBXFileReference; lastKnownFileType = sourcecode.swift; path = CoreDataManager.swift; sourceTree = "<group>"; };
		742080CC2736E69C005B9C43 /* FavoritesManager.swift */ = {isa = PBXFileReference; lastKnownFileType = sourcecode.swift; path = FavoritesManager.swift; sourceTree = "<group>"; };
		742080CE2736E86B005B9C43 /* FavoritesViewModel.swift */ = {isa = PBXFileReference; lastKnownFileType = sourcecode.swift; path = FavoritesViewModel.swift; sourceTree = "<group>"; };
		742080D12736E9D5005B9C43 /* ImageDiskStorage.swift */ = {isa = PBXFileReference; lastKnownFileType = sourcecode.swift; path = ImageDiskStorage.swift; sourceTree = "<group>"; };
		742080D32736ED7A005B9C43 /* CachedPhoto.swift */ = {isa = PBXFileReference; lastKnownFileType = sourcecode.swift; path = CachedPhoto.swift; sourceTree = "<group>"; };
		742080D52736F38C005B9C43 /* PhotosCoordinator.swift */ = {isa = PBXFileReference; lastKnownFileType = sourcecode.swift; path = PhotosCoordinator.swift; sourceTree = "<group>"; };
		742080D72736F446005B9C43 /* FavoritesCoordinator.swift */ = {isa = PBXFileReference; lastKnownFileType = sourcecode.swift; path = FavoritesCoordinator.swift; sourceTree = "<group>"; };
		746602472737D4B800B11BF4 /* FavoritesTableViewCell.swift */ = {isa = PBXFileReference; lastKnownFileType = sourcecode.swift; path = FavoritesTableViewCell.swift; sourceTree = "<group>"; };
		746602492737E85500B11BF4 /* CoreDataError.swift */ = {isa = PBXFileReference; lastKnownFileType = sourcecode.swift; path = CoreDataError.swift; sourceTree = "<group>"; };
		7466024B2737EF2A00B11BF4 /* FavoritesManagerError.swift */ = {isa = PBXFileReference; lastKnownFileType = sourcecode.swift; path = FavoritesManagerError.swift; sourceTree = "<group>"; };
		7466024D27380A4700B11BF4 /* DetailsCoreDataViewModel.swift */ = {isa = PBXFileReference; lastKnownFileType = sourcecode.swift; path = DetailsCoreDataViewModel.swift; sourceTree = "<group>"; };
		74BEF593273064250068109E /* UIView.swift */ = {isa = PBXFileReference; lastKnownFileType = sourcecode.swift; path = UIView.swift; sourceTree = "<group>"; };
		74BEF595273066F30068109E /* AppConfig.swift */ = {isa = PBXFileReference; lastKnownFileType = sourcecode.swift; path = AppConfig.swift; sourceTree = "<group>"; };
		74BEF59727307C8D0068109E /* UIColor.swift */ = {isa = PBXFileReference; lastKnownFileType = sourcecode.swift; path = UIColor.swift; sourceTree = "<group>"; };
		74BEF599273085240068109E /* DetailsInfoView.swift */ = {isa = PBXFileReference; lastKnownFileType = sourcecode.swift; path = DetailsInfoView.swift; sourceTree = "<group>"; };
		74CE288127342F2700271EF3 /* UnsplashPhoto.swift */ = {isa = PBXFileReference; lastKnownFileType = sourcecode.swift; path = UnsplashPhoto.swift; sourceTree = "<group>"; };
		74CE28832734349F00271EF3 /* String.swift */ = {isa = PBXFileReference; lastKnownFileType = sourcecode.swift; path = String.swift; sourceTree = "<group>"; };
		C0A69B4F431B52BA1097AFF8 /* Pods-UnsplashViewer.debug.xcconfig */ = {isa = PBXFileReference; includeInIndex = 1; lastKnownFileType = text.xcconfig; name = "Pods-UnsplashViewer.debug.xcconfig"; path = "Target Support Files/Pods-UnsplashViewer/Pods-UnsplashViewer.debug.xcconfig"; sourceTree = "<group>"; };
		DEB2588A1F189E0CD87D69C0 /* Pods-UnsplashViewer.release.xcconfig */ = {isa = PBXFileReference; includeInIndex = 1; lastKnownFileType = text.xcconfig; name = "Pods-UnsplashViewer.release.xcconfig"; path = "Target Support Files/Pods-UnsplashViewer/Pods-UnsplashViewer.release.xcconfig"; sourceTree = "<group>"; };
		F300DB316C43F811269A9779 /* Pods_UnsplashViewer.framework */ = {isa = PBXFileReference; explicitFileType = wrapper.framework; includeInIndex = 0; path = Pods_UnsplashViewer.framework; sourceTree = BUILT_PRODUCTS_DIR; };
/* End PBXFileReference section */

/* Begin PBXFrameworksBuildPhase section */
		7414C45A272EFCD500FFC899 /* Frameworks */ = {
			isa = PBXFrameworksBuildPhase;
			buildActionMask = 2147483647;
			files = (
				514135D0F5DC3CC9BA3FE8BA /* Pods_UnsplashViewer.framework in Frameworks */,
			);
			runOnlyForDeploymentPostprocessing = 0;
		};
/* End PBXFrameworksBuildPhase section */

/* Begin PBXGroup section */
		35CCDBECD79983AAA0B48782 /* Frameworks */ = {
			isa = PBXGroup;
			children = (
				F300DB316C43F811269A9779 /* Pods_UnsplashViewer.framework */,
			);
			name = Frameworks;
			sourceTree = "<group>";
		};
		7414C454272EFCD500FFC899 = {
			isa = PBXGroup;
			children = (
				7414C45F272EFCD500FFC899 /* UnsplashViewer */,
				7414C45E272EFCD500FFC899 /* Products */,
				91D0C3D88067A0368FE7560A /* Pods */,
				35CCDBECD79983AAA0B48782 /* Frameworks */,
			);
			sourceTree = "<group>";
		};
		7414C45E272EFCD500FFC899 /* Products */ = {
			isa = PBXGroup;
			children = (
				7414C45D272EFCD500FFC899 /* UnsplashViewer.app */,
			);
			name = Products;
			sourceTree = "<group>";
		};
		7414C45F272EFCD500FFC899 /* UnsplashViewer */ = {
			isa = PBXGroup;
			children = (
				7420809727358869005B9C43 /* Credentials */,
				742080872734493C005B9C43 /* Services */,
				7414C47B272EFDC200FFC899 /* Navigation */,
				7414C480272EFFE000FFC899 /* UI */,
				74CE287D27342C4900271EF3 /* Model */,
				74BEF5922730640C0068109E /* Extensions */,
				7414C460272EFCD500FFC899 /* AppDelegate.swift */,
				7414C462272EFCD500FFC899 /* SceneDelegate.swift */,
				74BEF595273066F30068109E /* AppConfig.swift */,
				7414C469272EFCDD00FFC899 /* Assets.xcassets */,
				7414C46B272EFCDD00FFC899 /* LaunchScreen.storyboard */,
				7414C46E272EFCDD00FFC899 /* Info.plist */,
			);
			path = UnsplashViewer;
			sourceTree = "<group>";
		};
		7414C47B272EFDC200FFC899 /* Navigation */ = {
			isa = PBXGroup;
			children = (
				7414C479272EFDA800FFC899 /* Coordinator.swift */,
				7414C47C272EFE0200FFC899 /* AppCoordinator.swift */,
				7414C47E272EFECC00FFC899 /* BaseCoordinator.swift */,
				742080D52736F38C005B9C43 /* PhotosCoordinator.swift */,
				742080D72736F446005B9C43 /* FavoritesCoordinator.swift */,
				7414C487272F00E200FFC899 /* CoordinatedViewController.swift */,
			);
			path = Navigation;
			sourceTree = "<group>";
		};
		7414C480272EFFE000FFC899 /* UI */ = {
			isa = PBXGroup;
			children = (
				7420808E27346655005B9C43 /* Photos */,
				742080AD2736D74F005B9C43 /* Favorites */,
				7420809A27358CCF005B9C43 /* Details */,
			);
			path = UI;
			sourceTree = "<group>";
		};
		742080872734493C005B9C43 /* Services */ = {
			isa = PBXGroup;
			children = (
				742080D02736E9AD005B9C43 /* Disk */,
				742080C92736E60F005B9C43 /* Database */,
				742080C82736E605005B9C43 /* Network */,
			);
			path = Services;
			sourceTree = "<group>";
		};
		7420808E27346655005B9C43 /* Photos */ = {
			isa = PBXGroup;
			children = (
				7414C481272F003000FFC899 /* PhotosViewController.swift */,
				7420808F2734705C005B9C43 /* PhotosViewModel.swift */,
				742080AB2736C530005B9C43 /* PhotoFeed.swift */,
				74208095273571B9005B9C43 /* PhotosCollectionViewCell.swift */,
			);
			path = Photos;
			sourceTree = "<group>";
		};
		7420809727358869005B9C43 /* Credentials */ = {
			isa = PBXGroup;
			children = (
				7420809827358887005B9C43 /* Credentials.swift */,
			);
			path = Credentials;
			sourceTree = "<group>";
		};
		7420809A27358CCF005B9C43 /* Details */ = {
			isa = PBXGroup;
			children = (
				7414C485272F005D00FFC899 /* DetailsViewController.swift */,
				7420809D27358D63005B9C43 /* DetailsCodableViewModel.swift */,
				7466024D27380A4700B11BF4 /* DetailsCoreDataViewModel.swift */,
				74BEF599273085240068109E /* DetailsInfoView.swift */,
				742080A72735A3DB005B9C43 /* DetailsInfoData.swift */,
			);
			path = Details;
			sourceTree = "<group>";
		};
		742080AD2736D74F005B9C43 /* Favorites */ = {
			isa = PBXGroup;
			children = (
				7414C483272F004800FFC899 /* FavoritesViewController.swift */,
				742080CE2736E86B005B9C43 /* FavoritesViewModel.swift */,
				746602472737D4B800B11BF4 /* FavoritesTableViewCell.swift */,
			);
			path = Favorites;
			sourceTree = "<group>";
		};
		742080AE2736D75F005B9C43 /* CoreData */ = {
			isa = PBXGroup;
			children = (
				742080C42736E4C7005B9C43 /* FavoritePhoto+CoreDataClass.swift */,
				742080C52736E4C7005B9C43 /* FavoritePhoto+CoreDataProperties.swift */,
				742080B52736D82E005B9C43 /* LocalStorage.xcdatamodeld */,
				742080D32736ED7A005B9C43 /* CachedPhoto.swift */,
			);
			path = CoreData;
			sourceTree = "<group>";
		};
		742080C82736E605005B9C43 /* Network */ = {
			isa = PBXGroup;
			children = (
				7420808827344958005B9C43 /* UnsplashApiAdapter.swift */,
				7420809127355F5C005B9C43 /* UnsplashApiError.swift */,
				742080932735601E005B9C43 /* UnsplashApiResponse.swift */,
			);
			path = Network;
			sourceTree = "<group>";
		};
		742080C92736E60F005B9C43 /* Database */ = {
			isa = PBXGroup;
			children = (
				742080CA2736E627005B9C43 /* CoreDataManager.swift */,
				742080CC2736E69C005B9C43 /* FavoritesManager.swift */,
				746602492737E85500B11BF4 /* CoreDataError.swift */,
				7466024B2737EF2A00B11BF4 /* FavoritesManagerError.swift */,
			);
			path = Database;
			sourceTree = "<group>";
		};
		742080D02736E9AD005B9C43 /* Disk */ = {
			isa = PBXGroup;
			children = (
				742080D12736E9D5005B9C43 /* ImageDiskStorage.swift */,
			);
			path = Disk;
			sourceTree = "<group>";
		};
		74BEF5922730640C0068109E /* Extensions */ = {
			isa = PBXGroup;
			children = (
				74BEF593273064250068109E /* UIView.swift */,
				74BEF59727307C8D0068109E /* UIColor.swift */,
				74CE28832734349F00271EF3 /* String.swift */,
			);
			path = Extensions;
			sourceTree = "<group>";
		};
		74CE287D27342C4900271EF3 /* Model */ = {
			isa = PBXGroup;
			children = (
				742080AE2736D75F005B9C43 /* CoreData */,
				74CE287E27342C5B00271EF3 /* Codable */,
			);
			path = Model;
			sourceTree = "<group>";
		};
		74CE287E27342C5B00271EF3 /* Codable */ = {
			isa = PBXGroup;
			children = (
				74CE288127342F2700271EF3 /* UnsplashPhoto.swift */,
				742080A92736B8EE005B9C43 /* UnsplashSearchResult.swift */,
			);
			path = Codable;
			sourceTree = "<group>";
		};
		91D0C3D88067A0368FE7560A /* Pods */ = {
			isa = PBXGroup;
			children = (
				C0A69B4F431B52BA1097AFF8 /* Pods-UnsplashViewer.debug.xcconfig */,
				DEB2588A1F189E0CD87D69C0 /* Pods-UnsplashViewer.release.xcconfig */,
			);
			path = Pods;
			sourceTree = "<group>";
		};
/* End PBXGroup section */

/* Begin PBXNativeTarget section */
		7414C45C272EFCD500FFC899 /* UnsplashViewer */ = {
			isa = PBXNativeTarget;
			buildConfigurationList = 7414C471272EFCDD00FFC899 /* Build configuration list for PBXNativeTarget "UnsplashViewer" */;
			buildPhases = (
				E8D6E4A0B65090468CA5E269 /* [CP] Check Pods Manifest.lock */,
				7414C459272EFCD500FFC899 /* Sources */,
				7414C45A272EFCD500FFC899 /* Frameworks */,
				7414C45B272EFCD500FFC899 /* Resources */,
				870F299A2393F730F5E68E9B /* [CP] Embed Pods Frameworks */,
			);
			buildRules = (
			);
			dependencies = (
			);
			name = UnsplashViewer;
			productName = UnsplashViewer;
			productReference = 7414C45D272EFCD500FFC899 /* UnsplashViewer.app */;
			productType = "com.apple.product-type.application";
		};
/* End PBXNativeTarget section */

/* Begin PBXProject section */
		7414C455272EFCD500FFC899 /* Project object */ = {
			isa = PBXProject;
			attributes = {
				BuildIndependentTargetsInParallel = 1;
				LastSwiftUpdateCheck = 1310;
				LastUpgradeCheck = 1310;
				TargetAttributes = {
					7414C45C272EFCD500FFC899 = {
						CreatedOnToolsVersion = 13.1;
					};
				};
			};
			buildConfigurationList = 7414C458272EFCD500FFC899 /* Build configuration list for PBXProject "UnsplashViewer" */;
			compatibilityVersion = "Xcode 13.0";
			developmentRegion = en;
			hasScannedForEncodings = 0;
			knownRegions = (
				en,
				Base,
			);
			mainGroup = 7414C454272EFCD500FFC899;
			productRefGroup = 7414C45E272EFCD500FFC899 /* Products */;
			projectDirPath = "";
			projectRoot = "";
			targets = (
				7414C45C272EFCD500FFC899 /* UnsplashViewer */,
			);
		};
/* End PBXProject section */

/* Begin PBXResourcesBuildPhase section */
		7414C45B272EFCD500FFC899 /* Resources */ = {
			isa = PBXResourcesBuildPhase;
			buildActionMask = 2147483647;
			files = (
				7414C46D272EFCDD00FFC899 /* LaunchScreen.storyboard in Resources */,
				7414C46A272EFCDD00FFC899 /* Assets.xcassets in Resources */,
			);
			runOnlyForDeploymentPostprocessing = 0;
		};
/* End PBXResourcesBuildPhase section */

/* Begin PBXShellScriptBuildPhase section */
		870F299A2393F730F5E68E9B /* [CP] Embed Pods Frameworks */ = {
			isa = PBXShellScriptBuildPhase;
			buildActionMask = 2147483647;
			files = (
			);
			inputFileListPaths = (
				"${PODS_ROOT}/Target Support Files/Pods-UnsplashViewer/Pods-UnsplashViewer-frameworks-${CONFIGURATION}-input-files.xcfilelist",
			);
			name = "[CP] Embed Pods Frameworks";
			outputFileListPaths = (
				"${PODS_ROOT}/Target Support Files/Pods-UnsplashViewer/Pods-UnsplashViewer-frameworks-${CONFIGURATION}-output-files.xcfilelist",
			);
			runOnlyForDeploymentPostprocessing = 0;
			shellPath = /bin/sh;
			shellScript = "\"${PODS_ROOT}/Target Support Files/Pods-UnsplashViewer/Pods-UnsplashViewer-frameworks.sh\"\n";
			showEnvVarsInLog = 0;
		};
		E8D6E4A0B65090468CA5E269 /* [CP] Check Pods Manifest.lock */ = {
			isa = PBXShellScriptBuildPhase;
			buildActionMask = 2147483647;
			files = (
			);
			inputFileListPaths = (
			);
			inputPaths = (
				"${PODS_PODFILE_DIR_PATH}/Podfile.lock",
				"${PODS_ROOT}/Manifest.lock",
			);
			name = "[CP] Check Pods Manifest.lock";
			outputFileListPaths = (
			);
			outputPaths = (
				"$(DERIVED_FILE_DIR)/Pods-UnsplashViewer-checkManifestLockResult.txt",
			);
			runOnlyForDeploymentPostprocessing = 0;
			shellPath = /bin/sh;
			shellScript = "diff \"${PODS_PODFILE_DIR_PATH}/Podfile.lock\" \"${PODS_ROOT}/Manifest.lock\" > /dev/null\nif [ $? != 0 ] ; then\n    # print error to STDERR\n    echo \"error: The sandbox is not in sync with the Podfile.lock. Run 'pod install' or update your CocoaPods installation.\" >&2\n    exit 1\nfi\n# This output is used by Xcode 'outputs' to avoid re-running this script phase.\necho \"SUCCESS\" > \"${SCRIPT_OUTPUT_FILE_0}\"\n";
			showEnvVarsInLog = 0;
		};
/* End PBXShellScriptBuildPhase section */

/* Begin PBXSourcesBuildPhase section */
		7414C459272EFCD500FFC899 /* Sources */ = {
			isa = PBXSourcesBuildPhase;
			buildActionMask = 2147483647;
			files = (
				74BEF594273064250068109E /* UIView.swift in Sources */,
				746602482737D4B800B11BF4 /* FavoritesTableViewCell.swift in Sources */,
				742080CD2736E69C005B9C43 /* FavoritesManager.swift in Sources */,
				74CE288227342F2700271EF3 /* UnsplashPhoto.swift in Sources */,
				7420809227355F5C005B9C43 /* UnsplashApiError.swift in Sources */,
				74BEF59827307C8D0068109E /* UIColor.swift in Sources */,
				74208096273571B9005B9C43 /* PhotosCollectionViewCell.swift in Sources */,
				742080942735601E005B9C43 /* UnsplashApiResponse.swift in Sources */,
				7414C47F272EFECC00FFC899 /* BaseCoordinator.swift in Sources */,
				74BEF596273066F30068109E /* AppConfig.swift in Sources */,
				7466024C2737EF2A00B11BF4 /* FavoritesManagerError.swift in Sources */,
				742080AA2736B8EE005B9C43 /* UnsplashSearchResult.swift in Sources */,
				74CE28842734349F00271EF3 /* String.swift in Sources */,
				7414C488272F00E200FFC899 /* CoordinatedViewController.swift in Sources */,
				7414C486272F005D00FFC899 /* DetailsViewController.swift in Sources */,
				74BEF59A273085240068109E /* DetailsInfoView.swift in Sources */,
				742080AC2736C531005B9C43 /* PhotoFeed.swift in Sources */,
				7420808927344958005B9C43 /* UnsplashApiAdapter.swift in Sources */,
				742080CF2736E86B005B9C43 /* FavoritesViewModel.swift in Sources */,
				742080C62736E4C7005B9C43 /* FavoritePhoto+CoreDataClass.swift in Sources */,
				7414C484272F004800FFC899 /* FavoritesViewController.swift in Sources */,
				7466024E27380A4700B11BF4 /* DetailsCoreDataViewModel.swift in Sources */,
				7466024A2737E85500B11BF4 /* CoreDataError.swift in Sources */,
				742080D62736F38C005B9C43 /* PhotosCoordinator.swift in Sources */,
				7420809927358887005B9C43 /* Credentials.swift in Sources */,
				742080D22736E9D5005B9C43 /* ImageDiskStorage.swift in Sources */,
				7414C47A272EFDA800FFC899 /* Coordinator.swift in Sources */,
				7414C47D272EFE0200FFC899 /* AppCoordinator.swift in Sources */,
				7414C482272F003000FFC899 /* PhotosViewController.swift in Sources */,
				7420809E27358D63005B9C43 /* DetailsCodableViewModel.swift in Sources */,
				742080902734705C005B9C43 /* PhotosViewModel.swift in Sources */,
				7414C461272EFCD500FFC899 /* AppDelegate.swift in Sources */,
				742080B72736D82E005B9C43 /* LocalStorage.xcdatamodeld in Sources */,
				742080D82736F446005B9C43 /* FavoritesCoordinator.swift in Sources */,
				742080CB2736E627005B9C43 /* CoreDataManager.swift in Sources */,
				742080D42736ED7A005B9C43 /* CachedPhoto.swift in Sources */,
				7414C463272EFCD500FFC899 /* SceneDelegate.swift in Sources */,
				742080C72736E4C7005B9C43 /* FavoritePhoto+CoreDataProperties.swift in Sources */,
				742080A82735A3DB005B9C43 /* DetailsInfoData.swift in Sources */,
			);
			runOnlyForDeploymentPostprocessing = 0;
		};
/* End PBXSourcesBuildPhase section */

/* Begin PBXVariantGroup section */
		7414C46B272EFCDD00FFC899 /* LaunchScreen.storyboard */ = {
			isa = PBXVariantGroup;
			children = (
				7414C46C272EFCDD00FFC899 /* Base */,
			);
			name = LaunchScreen.storyboard;
			sourceTree = "<group>";
		};
/* End PBXVariantGroup section */

/* Begin XCBuildConfiguration section */
		7414C46F272EFCDD00FFC899 /* Debug */ = {
			isa = XCBuildConfiguration;
			buildSettings = {
				ALWAYS_SEARCH_USER_PATHS = NO;
				CLANG_ANALYZER_NONNULL = YES;
				CLANG_ANALYZER_NUMBER_OBJECT_CONVERSION = YES_AGGRESSIVE;
				CLANG_CXX_LANGUAGE_STANDARD = "gnu++17";
				CLANG_CXX_LIBRARY = "libc++";
				CLANG_ENABLE_MODULES = YES;
				CLANG_ENABLE_OBJC_ARC = YES;
				CLANG_ENABLE_OBJC_WEAK = YES;
				CLANG_WARN_BLOCK_CAPTURE_AUTORELEASING = YES;
				CLANG_WARN_BOOL_CONVERSION = YES;
				CLANG_WARN_COMMA = YES;
				CLANG_WARN_CONSTANT_CONVERSION = YES;
				CLANG_WARN_DEPRECATED_OBJC_IMPLEMENTATIONS = YES;
				CLANG_WARN_DIRECT_OBJC_ISA_USAGE = YES_ERROR;
				CLANG_WARN_DOCUMENTATION_COMMENTS = YES;
				CLANG_WARN_EMPTY_BODY = YES;
				CLANG_WARN_ENUM_CONVERSION = YES;
				CLANG_WARN_INFINITE_RECURSION = YES;
				CLANG_WARN_INT_CONVERSION = YES;
				CLANG_WARN_NON_LITERAL_NULL_CONVERSION = YES;
				CLANG_WARN_OBJC_IMPLICIT_RETAIN_SELF = YES;
				CLANG_WARN_OBJC_LITERAL_CONVERSION = YES;
				CLANG_WARN_OBJC_ROOT_CLASS = YES_ERROR;
				CLANG_WARN_QUOTED_INCLUDE_IN_FRAMEWORK_HEADER = YES;
				CLANG_WARN_RANGE_LOOP_ANALYSIS = YES;
				CLANG_WARN_STRICT_PROTOTYPES = YES;
				CLANG_WARN_SUSPICIOUS_MOVE = YES;
				CLANG_WARN_UNGUARDED_AVAILABILITY = YES_AGGRESSIVE;
				CLANG_WARN_UNREACHABLE_CODE = YES;
				CLANG_WARN__DUPLICATE_METHOD_MATCH = YES;
				COPY_PHASE_STRIP = NO;
				DEBUG_INFORMATION_FORMAT = dwarf;
				ENABLE_STRICT_OBJC_MSGSEND = YES;
				ENABLE_TESTABILITY = YES;
				GCC_C_LANGUAGE_STANDARD = gnu11;
				GCC_DYNAMIC_NO_PIC = NO;
				GCC_NO_COMMON_BLOCKS = YES;
				GCC_OPTIMIZATION_LEVEL = 0;
				GCC_PREPROCESSOR_DEFINITIONS = (
					"DEBUG=1",
					"$(inherited)",
				);
				GCC_WARN_64_TO_32_BIT_CONVERSION = YES;
				GCC_WARN_ABOUT_RETURN_TYPE = YES_ERROR;
				GCC_WARN_UNDECLARED_SELECTOR = YES;
				GCC_WARN_UNINITIALIZED_AUTOS = YES_AGGRESSIVE;
				GCC_WARN_UNUSED_FUNCTION = YES;
				GCC_WARN_UNUSED_VARIABLE = YES;
				IPHONEOS_DEPLOYMENT_TARGET = 14.0;
				MTL_ENABLE_DEBUG_INFO = INCLUDE_SOURCE;
				MTL_FAST_MATH = YES;
				ONLY_ACTIVE_ARCH = YES;
				SDKROOT = iphoneos;
				SWIFT_ACTIVE_COMPILATION_CONDITIONS = DEBUG;
				SWIFT_OPTIMIZATION_LEVEL = "-Onone";
			};
			name = Debug;
		};
		7414C470272EFCDD00FFC899 /* Release */ = {
			isa = XCBuildConfiguration;
			buildSettings = {
				ALWAYS_SEARCH_USER_PATHS = NO;
				CLANG_ANALYZER_NONNULL = YES;
				CLANG_ANALYZER_NUMBER_OBJECT_CONVERSION = YES_AGGRESSIVE;
				CLANG_CXX_LANGUAGE_STANDARD = "gnu++17";
				CLANG_CXX_LIBRARY = "libc++";
				CLANG_ENABLE_MODULES = YES;
				CLANG_ENABLE_OBJC_ARC = YES;
				CLANG_ENABLE_OBJC_WEAK = YES;
				CLANG_WARN_BLOCK_CAPTURE_AUTORELEASING = YES;
				CLANG_WARN_BOOL_CONVERSION = YES;
				CLANG_WARN_COMMA = YES;
				CLANG_WARN_CONSTANT_CONVERSION = YES;
				CLANG_WARN_DEPRECATED_OBJC_IMPLEMENTATIONS = YES;
				CLANG_WARN_DIRECT_OBJC_ISA_USAGE = YES_ERROR;
				CLANG_WARN_DOCUMENTATION_COMMENTS = YES;
				CLANG_WARN_EMPTY_BODY = YES;
				CLANG_WARN_ENUM_CONVERSION = YES;
				CLANG_WARN_INFINITE_RECURSION = YES;
				CLANG_WARN_INT_CONVERSION = YES;
				CLANG_WARN_NON_LITERAL_NULL_CONVERSION = YES;
				CLANG_WARN_OBJC_IMPLICIT_RETAIN_SELF = YES;
				CLANG_WARN_OBJC_LITERAL_CONVERSION = YES;
				CLANG_WARN_OBJC_ROOT_CLASS = YES_ERROR;
				CLANG_WARN_QUOTED_INCLUDE_IN_FRAMEWORK_HEADER = YES;
				CLANG_WARN_RANGE_LOOP_ANALYSIS = YES;
				CLANG_WARN_STRICT_PROTOTYPES = YES;
				CLANG_WARN_SUSPICIOUS_MOVE = YES;
				CLANG_WARN_UNGUARDED_AVAILABILITY = YES_AGGRESSIVE;
				CLANG_WARN_UNREACHABLE_CODE = YES;
				CLANG_WARN__DUPLICATE_METHOD_MATCH = YES;
				COPY_PHASE_STRIP = NO;
				DEBUG_INFORMATION_FORMAT = "dwarf-with-dsym";
				ENABLE_NS_ASSERTIONS = NO;
				ENABLE_STRICT_OBJC_MSGSEND = YES;
				GCC_C_LANGUAGE_STANDARD = gnu11;
				GCC_NO_COMMON_BLOCKS = YES;
				GCC_WARN_64_TO_32_BIT_CONVERSION = YES;
				GCC_WARN_ABOUT_RETURN_TYPE = YES_ERROR;
				GCC_WARN_UNDECLARED_SELECTOR = YES;
				GCC_WARN_UNINITIALIZED_AUTOS = YES_AGGRESSIVE;
				GCC_WARN_UNUSED_FUNCTION = YES;
				GCC_WARN_UNUSED_VARIABLE = YES;
				IPHONEOS_DEPLOYMENT_TARGET = 14.0;
				MTL_ENABLE_DEBUG_INFO = NO;
				MTL_FAST_MATH = YES;
				SDKROOT = iphoneos;
				SWIFT_COMPILATION_MODE = wholemodule;
				SWIFT_OPTIMIZATION_LEVEL = "-O";
				VALIDATE_PRODUCT = YES;
			};
			name = Release;
		};
		7414C472272EFCDD00FFC899 /* Debug */ = {
			isa = XCBuildConfiguration;
			baseConfigurationReference = C0A69B4F431B52BA1097AFF8 /* Pods-UnsplashViewer.debug.xcconfig */;
			buildSettings = {
				ASSETCATALOG_COMPILER_APPICON_NAME = AppIcon;
				ASSETCATALOG_COMPILER_GLOBAL_ACCENT_COLOR_NAME = AccentColor;
				CODE_SIGN_STYLE = Automatic;
				CURRENT_PROJECT_VERSION = 1;
				GENERATE_INFOPLIST_FILE = YES;
				INFOPLIST_FILE = UnsplashViewer/Info.plist;
				INFOPLIST_KEY_CFBundleDisplayName = "Unsplash Viewer";
				INFOPLIST_KEY_UIApplicationSupportsIndirectInputEvents = YES;
				INFOPLIST_KEY_UILaunchStoryboardName = LaunchScreen;
				INFOPLIST_KEY_UISupportedInterfaceOrientations_iPad = "UIInterfaceOrientationPortrait UIInterfaceOrientationPortraitUpsideDown UIInterfaceOrientationLandscapeLeft UIInterfaceOrientationLandscapeRight";
				INFOPLIST_KEY_UISupportedInterfaceOrientations_iPhone = "UIInterfaceOrientationPortrait UIInterfaceOrientationLandscapeLeft UIInterfaceOrientationLandscapeRight";
				IPHONEOS_DEPLOYMENT_TARGET = 14.0;
				LD_RUNPATH_SEARCH_PATHS = (
					"$(inherited)",
					"@executable_path/Frameworks",
				);
				MARKETING_VERSION = 1.0;
				PRODUCT_BUNDLE_IDENTIFIER = ru.egorbadaev.UnsplashViewer;
				PRODUCT_NAME = "$(TARGET_NAME)";
				SWIFT_EMIT_LOC_STRINGS = YES;
				SWIFT_VERSION = 5.0;
				TARGETED_DEVICE_FAMILY = "1,2";
			};
			name = Debug;
		};
		7414C473272EFCDD00FFC899 /* Release */ = {
			isa = XCBuildConfiguration;
			baseConfigurationReference = DEB2588A1F189E0CD87D69C0 /* Pods-UnsplashViewer.release.xcconfig */;
			buildSettings = {
				ASSETCATALOG_COMPILER_APPICON_NAME = AppIcon;
				ASSETCATALOG_COMPILER_GLOBAL_ACCENT_COLOR_NAME = AccentColor;
				CODE_SIGN_STYLE = Automatic;
				CURRENT_PROJECT_VERSION = 1;
				GENERATE_INFOPLIST_FILE = YES;
				INFOPLIST_FILE = UnsplashViewer/Info.plist;
				INFOPLIST_KEY_CFBundleDisplayName = "Unsplash Viewer";
				INFOPLIST_KEY_UIApplicationSupportsIndirectInputEvents = YES;
				INFOPLIST_KEY_UILaunchStoryboardName = LaunchScreen;
				INFOPLIST_KEY_UISupportedInterfaceOrientations_iPad = "UIInterfaceOrientationPortrait UIInterfaceOrientationPortraitUpsideDown UIInterfaceOrientationLandscapeLeft UIInterfaceOrientationLandscapeRight";
				INFOPLIST_KEY_UISupportedInterfaceOrientations_iPhone = "UIInterfaceOrientationPortrait UIInterfaceOrientationLandscapeLeft UIInterfaceOrientationLandscapeRight";
				IPHONEOS_DEPLOYMENT_TARGET = 14.0;
				LD_RUNPATH_SEARCH_PATHS = (
					"$(inherited)",
					"@executable_path/Frameworks",
				);
				MARKETING_VERSION = 1.0;
				PRODUCT_BUNDLE_IDENTIFIER = ru.egorbadaev.UnsplashViewer;
				PRODUCT_NAME = "$(TARGET_NAME)";
				SWIFT_EMIT_LOC_STRINGS = YES;
				SWIFT_VERSION = 5.0;
				TARGETED_DEVICE_FAMILY = "1,2";
			};
			name = Release;
		};
/* End XCBuildConfiguration section */

/* Begin XCConfigurationList section */
		7414C458272EFCD500FFC899 /* Build configuration list for PBXProject "UnsplashViewer" */ = {
			isa = XCConfigurationList;
			buildConfigurations = (
				7414C46F272EFCDD00FFC899 /* Debug */,
				7414C470272EFCDD00FFC899 /* Release */,
			);
			defaultConfigurationIsVisible = 0;
			defaultConfigurationName = Release;
		};
		7414C471272EFCDD00FFC899 /* Build configuration list for PBXNativeTarget "UnsplashViewer" */ = {
			isa = XCConfigurationList;
			buildConfigurations = (
				7414C472272EFCDD00FFC899 /* Debug */,
				7414C473272EFCDD00FFC899 /* Release */,
			);
			defaultConfigurationIsVisible = 0;
			defaultConfigurationName = Release;
		};
/* End XCConfigurationList section */

/* Begin XCVersionGroup section */
		742080B52736D82E005B9C43 /* LocalStorage.xcdatamodeld */ = {
			isa = XCVersionGroup;
			children = (
				742080B62736D82E005B9C43 /* LocalStorage.xcdatamodel */,
			);
			currentVersion = 742080B62736D82E005B9C43 /* LocalStorage.xcdatamodel */;
			path = LocalStorage.xcdatamodeld;
			sourceTree = "<group>";
			versionGroupType = wrapper.xcdatamodel;
		};
/* End XCVersionGroup section */
	};
	rootObject = 7414C455272EFCD500FFC899 /* Project object */;
}
